
Microsoft Visual Studio Solution File, Format Version 12.00
# Visual Studio Version 16
VisualStudioVersion = 16.0.30621.155
MinimumVisualStudioVersion = 10.0.40219.1
Project("{FAE04EC0-301F-11D3-BF4B-00C04F79EFBC}") = "WindowsFormsApp123", "WindowsFormsApp123.csproj", "{160D8483-9F7D-4567-9BFC-A88FC32BD8E6}"
EndProject
Global
	GlobalSection(SolutionConfigurationPlatforms) = preSolution
		Debug|Any CPU = Debug|Any CPU
		Release|Any CPU = Release|Any CPU
	EndGlobalSection
	GlobalSection(ProjectConfigurationPlatforms) = postSolution
		{160D8483-9F7D-4567-9BFC-A88FC32BD8E6}.Debug|Any CPU.ActiveCfg = Debug|Any CPU
		{160D8483-9F7D-4567-9BFC-A88FC32BD8E6}.Debug|Any CPU.Build.0 = Debug|Any CPU
		{160D8483-9F7D-4567-9BFC-A88FC32BD8E6}.Release|Any CPU.ActiveCfg = Release|Any CPU
		{160D8483-9F7D-4567-9BFC-A88FC32BD8E6}.Release|Any CPU.Build.0 = Release|Any CPU
	EndGlobalSection
	GlobalSection(SolutionProperties) = preSolution
		HideSolutionNode = FALSE
	EndGlobalSection
	GlobalSection(ExtensibilityGlobals) = postSolution
		SolutionGuid = {40B4D2E4-C05A-48EC-A97E-002566E488C3}
	EndGlobalSection
EndGlobal
